{
    "_meta": {
        "hash": {
            "sha256": "dc6e0baaef3843607d1d863a8b28424e047d88f2263cf2a368e1d241dfd247f6"
        },
        "pipfile-spec": 6,
        "requires": {
            "python_version": "3.8"
        },
        "sources": [
            {
                "name": "pypi",
                "url": "https://pypi.org/simple",
                "verify_ssl": true
            }
        ]
    },
    "default": {
        "click": {
            "hashes": [
                "sha256:d2b5255c7c6349bc1bd1e59e08cd12acbbd63ce649f2588755783aa94dfb6b1a",
                "sha256:dacca89f4bfadd5de3d7489b7c8a566eee0d3676333fbb50030263894c38c0dc"
            ],
            "markers": "python_version >= '2.7' and python_version not in '3.0, 3.1, 3.2, 3.3, 3.4'",
            "version": "==7.1.2"
        },
        "flask": {
            "hashes": [
                "sha256:4efa1ae2d7c9865af48986de8aeb8504bf32c7f3d6fdc9353d34b21f4b127060",
                "sha256:8a4fdd8936eba2512e9c85df320a37e694c93945b33ef33c89946a340a238557"
            ],
            "index": "pypi",
            "version": "==1.1.2"
        },
        "flask-cors": {
            "hashes": [
                "sha256:72170423eb4612f0847318afff8c247b38bd516b7737adfc10d1c2cdbb382d16",
                "sha256:f4d97201660e6bbcff2d89d082b5b6d31abee04b1b3003ee073a6fd25ad1d69a"
            ],
            "index": "pypi",
            "version": "==3.0.8"
        },
        "fpdf": {
            "hashes": [
                "sha256:0a94eb783ee933e32a44ad949a1aa6c3ca6fb35b608db53f8b216aec52fc1fb5",
                "sha256:125840783289e7d12552b1e86ab692c37322e7a65b96a99e0ea86cca041b6779",
                "sha256:9542f6ad0791d673955da954a0cf3554a0affac79deab87bee06b9b4d4e60990"
            ],
            "index": "pypi",
            "version": "==1.7.2"
        },
        "gunicorn": {
            "hashes": [
                "sha256:1904bb2b8a43658807108d59c3f3d56c2b6121a701161de0ddf9ad140073c626",
                "sha256:cd4a810dd51bf497552cf3f863b575dabd73d6ad6a91075b65936b151cbf4f9c"
            ],
            "index": "pypi",
            "version": "==20.0.4"
        },
        "itsdangerous": {
            "hashes": [
                "sha256:321b033d07f2a4136d3ec762eac9f16a10ccd60f53c0c91af90217ace7ba1f19",
                "sha256:b12271b2047cb23eeb98c8b5622e2e5c5e9abd9784a153e9d8ef9cb4dd09d749"
            ],
            "markers": "python_version >= '2.7' and python_version not in '3.0, 3.1, 3.2, 3.3'",
            "version": "==1.1.0"
        },
        "jinja2": {
            "hashes": [
                "sha256:89aab215427ef59c34ad58735269eb58b1a5808103067f7bb9d5836c651b3bb0",
                "sha256:f0a4641d3cf955324a89c04f3d94663aa4d638abe8f733ecd3582848e1c37035"
            ],
            "markers": "python_version >= '2.7' and python_version not in '3.0, 3.1, 3.2, 3.3, 3.4'",
            "version": "==2.11.2"
        },
        "markupsafe": {
            "hashes": [
                "sha256:00bc623926325b26bb9605ae9eae8a215691f33cae5df11ca5424f06f2d1f473",
                "sha256:09027a7803a62ca78792ad89403b1b7a73a01c8cb65909cd876f7fcebd79b161",
                "sha256:09c4b7f37d6c648cb13f9230d847adf22f8171b1ccc4d5682398e77f40309235",
                "sha256:1027c282dad077d0bae18be6794e6b6b8c91d58ed8a8d89a89d59693b9131db5",
                "sha256:13d3144e1e340870b25e7b10b98d779608c02016d5184cfb9927a9f10c689f42",
                "sha256:24982cc2533820871eba85ba648cd53d8623687ff11cbb805be4ff7b4c971aff",
                "sha256:29872e92839765e546828bb7754a68c418d927cd064fd4708fab9fe9c8bb116b",
                "sha256:43a55c2930bbc139570ac2452adf3d70cdbb3cfe5912c71cdce1c2c6bbd9c5d1",
                "sha256:46c99d2de99945ec5cb54f23c8cd5689f6d7177305ebff350a58ce5f8de1669e",
                "sha256:500d4957e52ddc3351cabf489e79c91c17f6e0899158447047588650b5e69183",
                "sha256:535f6fc4d397c1563d08b88e485c3496cf5784e927af890fb3c3aac7f933ec66",
                "sha256:596510de112c685489095da617b5bcbbac7dd6384aeebeda4df6025d0256a81b",
                "sha256:62fe6c95e3ec8a7fad637b7f3d372c15ec1caa01ab47926cfdf7a75b40e0eac1",
                "sha256:6788b695d50a51edb699cb55e35487e430fa21f1ed838122d722e0ff0ac5ba15",
                "sha256:6dd73240d2af64df90aa7c4e7481e23825ea70af4b4922f8ede5b9e35f78a3b1",
                "sha256:717ba8fe3ae9cc0006d7c451f0bb265ee07739daf76355d06366154ee68d221e",
                "sha256:79855e1c5b8da654cf486b830bd42c06e8780cea587384cf6545b7d9ac013a0b",
                "sha256:7c1699dfe0cf8ff607dbdcc1e9b9af1755371f92a68f706051cc8c37d447c905",
                "sha256:88e5fcfb52ee7b911e8bb6d6aa2fd21fbecc674eadd44118a9cc3863f938e735",
                "sha256:8defac2f2ccd6805ebf65f5eeb132adcf2ab57aa11fdf4c0dd5169a004710e7d",
                "sha256:98c7086708b163d425c67c7a91bad6e466bb99d797aa64f965e9d25c12111a5e",
                "sha256:9add70b36c5666a2ed02b43b335fe19002ee5235efd4b8a89bfcf9005bebac0d",
                "sha256:9bf40443012702a1d2070043cb6291650a0841ece432556f784f004937f0f32c",
                "sha256:ade5e387d2ad0d7ebf59146cc00c8044acbd863725f887353a10df825fc8ae21",
                "sha256:b00c1de48212e4cc9603895652c5c410df699856a2853135b3967591e4beebc2",
                "sha256:b1282f8c00509d99fef04d8ba936b156d419be841854fe901d8ae224c59f0be5",
                "sha256:b2051432115498d3562c084a49bba65d97cf251f5a331c64a12ee7e04dacc51b",
                "sha256:ba59edeaa2fc6114428f1637ffff42da1e311e29382d81b339c1817d37ec93c6",
                "sha256:c8716a48d94b06bb3b2524c2b77e055fb313aeb4ea620c8dd03a105574ba704f",
                "sha256:cd5df75523866410809ca100dc9681e301e3c27567cf498077e8551b6d20e42f",
                "sha256:cdb132fc825c38e1aeec2c8aa9338310d29d337bebbd7baa06889d09a60a1fa2",
                "sha256:e249096428b3ae81b08327a63a485ad0878de3fb939049038579ac0ef61e17e7",
                "sha256:e8313f01ba26fbbe36c7be1966a7b7424942f670f38e666995b88d012765b9be"
            ],
            "markers": "python_version >= '2.7' and python_version not in '3.0, 3.1, 3.2, 3.3'",
            "version": "==1.1.1"
        },
        "pillow": {
            "hashes": [
                "sha256:0295442429645fa16d05bd567ef5cff178482439c9aad0411d3f0ce9b88b3a6f",
                "sha256:06aba4169e78c439d528fdeb34762c3b61a70813527a2c57f0540541e9f433a8",
                "sha256:09d7f9e64289cb40c2c8d7ad674b2ed6105f55dc3b09aa8e4918e20a0311e7ad",
                "sha256:0a80dd307a5d8440b0a08bd7b81617e04d870e40a3e46a32d9c246e54705e86f",
                "sha256:1ca594126d3c4def54babee699c055a913efb01e106c309fa6b04405d474d5ae",
                "sha256:25930fadde8019f374400f7986e8404c8b781ce519da27792cbe46eabec00c4d",
                "sha256:431b15cffbf949e89df2f7b48528be18b78bfa5177cb3036284a5508159492b5",
                "sha256:52125833b070791fcb5710fabc640fc1df07d087fc0c0f02d3661f76c23c5b8b",
                "sha256:5e51ee2b8114def244384eda1c82b10e307ad9778dac5c83fb0943775a653cd8",
                "sha256:612cfda94e9c8346f239bf1a4b082fdd5c8143cf82d685ba2dba76e7adeeb233",
                "sha256:6d7741e65835716ceea0fd13a7d0192961212fd59e741a46bbed7a473c634ed6",
                "sha256:6edb5446f44d901e8683ffb25ebdfc26988ee813da3bf91e12252b57ac163727",
                "sha256:725aa6cfc66ce2857d585f06e9519a1cc0ef6d13f186ff3447ab6dff0a09bc7f",
                "sha256:8dad18b69f710bf3a001d2bf3afab7c432785d94fcf819c16b5207b1cfd17d38",
                "sha256:94cf49723928eb6070a892cb39d6c156f7b5a2db4e8971cb958f7b6b104fb4c4",
                "sha256:97f9e7953a77d5a70f49b9a48da7776dc51e9b738151b22dacf101641594a626",
                "sha256:9ad7f865eebde135d526bb3163d0b23ffff365cf87e767c649550964ad72785d",
                "sha256:9c87ef410a58dd54b92424ffd7e28fd2ec65d2f7fc02b76f5e9b2067e355ebf6",
                "sha256:a060cf8aa332052df2158e5a119303965be92c3da6f2d93b6878f0ebca80b2f6",
                "sha256:c79f9c5fb846285f943aafeafda3358992d64f0ef58566e23484132ecd8d7d63",
                "sha256:c92302a33138409e8f1ad16731568c55c9053eee71bb05b6b744067e1b62380f",
                "sha256:d08b23fdb388c0715990cbc06866db554e1822c4bdcf6d4166cf30ac82df8c41",
                "sha256:d350f0f2c2421e65fbc62690f26b59b0bcda1b614beb318c81e38647e0f673a1",
                "sha256:e901964262a56d9ea3c2693df68bc9860b8bdda2b04768821e4c44ae797de117",
                "sha256:ec29604081f10f16a7aea809ad42e27764188fc258b02259a03a8ff7ded3808d",
                "sha256:edf31f1150778abd4322444c393ab9c7bd2af271dd4dafb4208fb613b1f3cdc9",
                "sha256:f7e30c27477dffc3e85c2463b3e649f751789e0f6c8456099eea7ddd53be4a8a",
                "sha256:ffe538682dc19cc542ae7c3e504fdf54ca7f86fb8a135e59dd6bc8627eae6cce"
            ],
            "markers": "python_version >= '3.5'",
            "version": "==7.2.0"
        },
        "reportlab": {
            "hashes": [
                "sha256:0474051ead5a61e44063d8f9481a8d339b0633ece4164eda1899f48918d3c817",
                "sha256:05f50dd5b6092d412190933382319cbba5a864950c987825332b8701bbe42c07",
                "sha256:09a3a082da3ae65844a0b6834f2f09427e5f64171127bea19a94da108df33ce7",
                "sha256:09ba191ee5ba5b45dc33010bcc63008cfc3784aa2e0405267c5497b748839cfa",
                "sha256:0ab25559416b7e3cb8b4e321350778ea42ede208a2ef1cbff4917ec9a3f8cad1",
                "sha256:0bfe3fe6e1bd1d922f83683eae2ba1d2d29de94e25fb115eacca9530b4b02f76",
                "sha256:1c213899b5876b284e909d44fb250a71a1a56930786b59c140264d7804f35899",
                "sha256:258bb8c06021dbc2d5dbf715b44c0a0f21fd5c50ed7355308c481028a5e2cc7b",
                "sha256:28d87fee0c3ccdbbfe4377dfb246e4c3274a2cde2efc9c778d6b9e3c152447fd",
                "sha256:2f2d0b9fa3342b61fcbe47fd6621e4b3b195c4d0a84cdef5df0215eab1236fcb",
                "sha256:485b654cd749ba916c15772353e9d013df6a96bf32e4b8aa0e4e246c5972bb44",
                "sha256:49801520ae9f4817064de9e03530eda593b1b31ddd87a8a2d39fcb4877f4bf0b",
                "sha256:4e738847ac769ccb7cfd9bbfd1f4a9fe94515dd0d12a659a79670994c4a0b018",
                "sha256:56b1dc9863860ef5dca61fa219c26d9064319a702e6017250b5c55807467a484",
                "sha256:57017f9aa92c529df669b32f7e0352e663927295156b409c073fa5852e2441d6",
                "sha256:5b9a4dc67d8de2b3df5faa2e5f77c964c205708ee50161840d3541264477a981",
                "sha256:60f3720a35f6b2d75c6a903a8f011ab7f3137be1a975b3bad0626b6c01f0c6bc",
                "sha256:6653597679b4a31df26f37be85d20fcf6f266a8c5d167285a2f12458767356cc",
                "sha256:68f031c4a28ddcdf49b7e455ccf51c23a3871c2e4b4fbe77f1e78d1ec1791fa5",
                "sha256:73d7cd42dc4f2f909356f5d908500e7bad22bd5aa6561840c251ddef12331adc",
                "sha256:818184940189b8b1aed283caace1bcda74ea726a01c08bf84a02930f27e914cd",
                "sha256:885edd7ffc34b89fb88264939259e8d2db418a354e69326b2beabce58b8c98e9",
                "sha256:955c928379c5f62e162f6ce45c8afa596fcb2b6c00c5be77c7369acacc4d6420",
                "sha256:98cbf102db691ebff179d9e53e301d1cecdf8e5f8427001fb177f9e6f263272b",
                "sha256:9c83da38b834a0ee0025c44da95a54eacab0a1ed9fa2f48af813b350bb8b1bd0",
                "sha256:9cc7151f501bf11090858eae73f5d1a730147a6aa8e71eb72fad4ce0668c3197",
                "sha256:aa37237991da0c12fef2ae6f1ea384119d3952acde628288074f7ac5ac0d4361",
                "sha256:afeb9e21f3c5a5c940ed75e06ec6bc1106fdde5704d2f248b07650e54389dccc",
                "sha256:b12685d2b96121c6ba8b67dbe8a444d1264430f34bec464dc3275bbbae6b1b2c",
                "sha256:b17113b2c2a520a3f3a7c0b114f79355add7648274d4d387ac260fbd85086fb7",
                "sha256:bdd46cb327f635d3ad38674c239b2eef9fabf937913df48366372f13e1a1d66f",
                "sha256:bf4ec241010061aae061196f92a1fa59e0bd11260d1890d7f5563fa59cf9077f",
                "sha256:c34fab4d46235c92dbd1eb85726f496f466855585b609370aead91515ec28592",
                "sha256:c6310d9bd63248771b7fa709f7d95086008d7d9fd8f22f28aad39e85f4768da2",
                "sha256:d0c387cf870989f561c4ebb8706bb4e6f226a7d86f3e3b437a451ec765a0aba9",
                "sha256:d53b9ec6b2cc1264a18a0f41a7c29bc9b45c4dca10620bd72e145624e5013aa0",
                "sha256:d7bac677be457286e2ae6fb71ca9f182fadfcb081dbf1cf129eff2510a7ad753",
                "sha256:ec422f0468b9b1d1c6ad20b0c77884a976e08dcd91a5318d54d41a665799ed07",
                "sha256:f1ce639206409d7a129d82a60d1daa8d7b8fbb8d89a27c66507c0e99cf98904d",
                "sha256:fd29651d52132869b8f4dd92476d2df1bd70d2c833127dfb2ffedae99f563b61"
            ],
            "index": "pypi",
            "version": "==3.5.48"
        },
        "six": {
            "hashes": [
                "sha256:30639c035cdb23534cd4aa2dd52c3bf48f06e5f4a941509c8bafd8ce11080259",
                "sha256:8b74bedcbbbaca38ff6d7491d76f2b06b3592611af620f8426e82dddb04a5ced"
            ],
            "markers": "python_version >= '2.7' and python_version not in '3.0, 3.1, 3.2, 3.3'",
            "version": "==1.15.0"
        },
        "werkzeug": {
            "hashes": [
                "sha256:2de2a5db0baeae7b2d2664949077c2ac63fbd16d98da0ff71837f7d1dea3fd43",
                "sha256:6c80b1e5ad3665290ea39320b91e1be1e0d5f60652b964a3070216de83d2e47c"
            ],
            "markers": "python_version >= '2.7' and python_version not in '3.0, 3.1, 3.2, 3.3, 3.4'",
            "version": "==1.0.1"
        }
    },
    "develop": {}
}
